<?xml version="1.0" encoding="utf-8"?>
<Project ToolsVersion="12.0" xmlns="http://schemas.microsoft.com/developer/msbuild/2003">
  <ItemGroup>
    <ClInclude Include="$(MSBuildThisFileDirectory)mage\AbstractGameLoop.h" />
    <ClInclude Include="$(MSBuildThisFileDirectory)mage\Effect.h" />
    <ClInclude Include="$(MSBuildThisFileDirectory)mage\GameWindow.h" />
    <ClInclude Include="$(MSBuildThisFileDirectory)mage\HandleError.h" />
    <ClInclude Include="$(MSBuildThisFileDirectory)mage\IGameLoop.h" />
    <ClInclude Include="$(MSBuildThisFileDirectory)mage\TString.h" />
    <ClInclude Include="$(MSBuildThisFileDirectory)mage\WindowsEvent.h" />
  </ItemGroup>
  <ItemGroup>
    <ClCompile Include="$(MSBuildThisFileDirectory)mage\Effect.cpp" />
    <ClCompile Include="$(MSBuildThisFileDirectory)mage\GameWindow.cpp" />
  </ItemGroup>
</Project>